# This file was autogenerated by Stack.
# You should not edit this file by hand.
# For more information, please see the documentation at:
#   https://docs.haskellstack.org/en/stable/lock_files

packages:
- completed:
    name: haskeline
    pantry-tree:
      sha256: c14fd8b9ad5e9fcf629e50affe26e655d6c4d18c3f77169995b857b5fd32ca44
      size: 3769
    sha256: 3997e23bacea83e1e6b94098f74378fa54baf99755a0d834d9008bfe7071ed58
    size: 74277
    url: https://github.com/unisonweb/haskeline/archive/9275eea7982dabbf47be2ba078ced669ae7ef3d5.tar.gz
    version: 0.8.0.0
  original:
    url: https://github.com/unisonweb/haskeline/archive/9275eea7982dabbf47be2ba078ced669ae7ef3d5.tar.gz
- completed:
    hackage: fuzzyfind-3.0.2@sha256:0fcd64eb1016fe0d0232abc26b2b80b32d676707ff41d155a28df8a9572603d4,1921
    pantry-tree:
      sha256: 5bb9d39dbc4a619cf9b65409dde0d58dd488c7abab030f71ac83ba849595ee05
      size: 542
  original:
    hackage: fuzzyfind-3.0.2@sha256:0fcd64eb1016fe0d0232abc26b2b80b32d676707ff41d155a28df8a9572603d4,1921
- completed:
    hackage: lock-file-0.7.0.0@sha256:3ad84b5e454145e1d928063b56abb96db24a99a21b493989520e58fa0ab37b00,4484
    pantry-tree:
      sha256: 3634593ce191e82793ea0e060598ab3cf67f2ef2fe1d65345dc9335ad529d25f
      size: 718
  original:
    hackage: lock-file-0.7.0.0@sha256:3ad84b5e454145e1d928063b56abb96db24a99a21b493989520e58fa0ab37b00,4484
- completed:
    hackage: monad-validate-1.3.0.0@sha256:eb6ddd5c9cf72ff0563cba604fa00291376e96138fdb4932d00ff3a99d66706e,2605
    pantry-tree:
      sha256: 0b2a3a57be48fcc739708b214fca202f1e95b1cd773dd3bb9589d3007cf8cf5e
      size: 611
  original:
    hackage: monad-validate-1.3.0.0@sha256:eb6ddd5c9cf72ff0563cba604fa00291376e96138fdb4932d00ff3a99d66706e,2605
- completed:
    hackage: recover-rtti-0.4.3@sha256:01adcbab70a6542914df28ac120a23a923d8566236f2c0295998e9419f53dd62,4672
    pantry-tree:
      sha256: 59a5df9c88f83816a9826b1e9708153d06d64bd1aed6c1d71ef0a1f6db070599
      size: 2489
  original:
    hackage: recover-rtti-0.4.3@sha256:01adcbab70a6542914df28ac120a23a923d8566236f2c0295998e9419f53dd62,4672
- completed:
    hackage: numerals-0.4.1@sha256:f138b4a0efbde3b3c6cbccb788eff683cb8a5d046f449729712fd174c5ee8a78,11430
    pantry-tree:
      sha256: c616791b08f1792fd1d4ca03c6d2c773dedb25b24b66454c97864aefd85a5d0a
      size: 13751
  original:
    hackage: numerals-0.4.1@sha256:f138b4a0efbde3b3c6cbccb788eff683cb8a5d046f449729712fd174c5ee8a78,11430
- completed:
    hackage: network-udp-0.0.0@sha256:408d2d4fa1a25e49e95752ee124cca641993404bb133ae10fb81daef22d876ae,1075
    pantry-tree:
      sha256: ee19a66c9d420861c5cc1dfad3210e2a53cdc6088ff3dd90b44f7961f5caebee
      size: 284
  original:
    hackage: network-udp-0.0.0@sha256:408d2d4fa1a25e49e95752ee124cca641993404bb133ae10fb81daef22d876ae,1075
snapshots:
- completed:
    sha256: 8e7996960d864443a66eb4105338bbdd6830377b9f6f99cd5527ef73c10c01e7
    size: 719128
    url: https://raw.githubusercontent.com/commercialhaskell/stackage-snapshots/master/lts/22/26.yaml
  original: lts-22.26
